
Microsoft Visual Studio Solution File, Format Version 12.00
# Visual Studio 15
VisualStudioVersion = 15.0.27703.2018
MinimumVisualStudioVersion = 10.0.40219.1
Project("{FAE04EC0-301F-11D3-BF4B-00C04F79EFBC}") = "ASPMVCDemo", "ASPMVCDemo\ASPMVCDemo.csproj", "{5820D438-5820-42DA-A5BB-915206A74F64}"
EndProject
Global
	GlobalSection(SolutionConfigurationPlatforms) = preSolution
		Debug|Any CPU = Debug|Any CPU
		Release|Any CPU = Release|Any CPU
	EndGlobalSection
	GlobalSection(ProjectConfigurationPlatforms) = postSolution
		{5820D438-5820-42DA-A5BB-915206A74F64}.Debug|Any CPU.ActiveCfg = Debug|Any CPU
		{5820D438-5820-42DA-A5BB-915206A74F64}.Debug|Any CPU.Build.0 = Debug|Any CPU
		{5820D438-5820-42DA-A5BB-915206A74F64}.Release|Any CPU.ActiveCfg = Release|Any CPU
		{5820D438-5820-42DA-A5BB-915206A74F64}.Release|Any CPU.Build.0 = Release|Any CPU
	EndGlobalSection
	GlobalSection(SolutionProperties) = preSolution
		HideSolutionNode = FALSE
	EndGlobalSection
	GlobalSection(ExtensibilityGlobals) = postSolution
		SolutionGuid = {29CD74CC-FB26-47F9-8451-1C99CFCBDDC6}
	EndGlobalSection
EndGlobal
